
Microsoft Visual Studio Solution File, Format Version 12.00
# Visual Studio Version 17
VisualStudioVersion = 17.6.33717.318
MinimumVisualStudioVersion = 10.0.40219.1
Project("{FAE04EC0-301F-11D3-BF4B-00C04F79EFBC}") = "pract1sem2", "pract1sem2\pract1sem2.csproj", "{5F93AF6D-1599-4FB1-BB86-D0BF822195C6}"
EndProject
Project("{FAE04EC0-301F-11D3-BF4B-00C04F79EFBC}") = "task1", "task1\task1.csproj", "{68A4E5B8-A4DE-4F72-896B-5E8AB9905D42}"
EndProject
Project("{FAE04EC0-301F-11D3-BF4B-00C04F79EFBC}") = "task1.1", "task1.1\task1.1.csproj", "{265565AB-E4DE-48C7-8F0C-4068692BE8C6}"
EndProject
Global
	GlobalSection(SolutionConfigurationPlatforms) = preSolution
		Debug|Any CPU = Debug|Any CPU
		Release|Any CPU = Release|Any CPU
	EndGlobalSection
	GlobalSection(ProjectConfigurationPlatforms) = postSolution
		{5F93AF6D-1599-4FB1-BB86-D0BF822195C6}.Debug|Any CPU.ActiveCfg = Debug|Any CPU
		{5F93AF6D-1599-4FB1-BB86-D0BF822195C6}.Debug|Any CPU.Build.0 = Debug|Any CPU
		{5F93AF6D-1599-4FB1-BB86-D0BF822195C6}.Release|Any CPU.ActiveCfg = Release|Any CPU
		{5F93AF6D-1599-4FB1-BB86-D0BF822195C6}.Release|Any CPU.Build.0 = Release|Any CPU
		{68A4E5B8-A4DE-4F72-896B-5E8AB9905D42}.Debug|Any CPU.ActiveCfg = Debug|Any CPU
		{68A4E5B8-A4DE-4F72-896B-5E8AB9905D42}.Debug|Any CPU.Build.0 = Debug|Any CPU
		{68A4E5B8-A4DE-4F72-896B-5E8AB9905D42}.Release|Any CPU.ActiveCfg = Release|Any CPU
		{68A4E5B8-A4DE-4F72-896B-5E8AB9905D42}.Release|Any CPU.Build.0 = Release|Any CPU
		{265565AB-E4DE-48C7-8F0C-4068692BE8C6}.Debug|Any CPU.ActiveCfg = Debug|Any CPU
		{265565AB-E4DE-48C7-8F0C-4068692BE8C6}.Debug|Any CPU.Build.0 = Debug|Any CPU
		{265565AB-E4DE-48C7-8F0C-4068692BE8C6}.Release|Any CPU.ActiveCfg = Release|Any CPU
		{265565AB-E4DE-48C7-8F0C-4068692BE8C6}.Release|Any CPU.Build.0 = Release|Any CPU
	EndGlobalSection
	GlobalSection(SolutionProperties) = preSolution
		HideSolutionNode = FALSE
	EndGlobalSection
	GlobalSection(ExtensibilityGlobals) = postSolution
		SolutionGuid = {ED775FF4-A7E8-4AC9-BB49-BE06B70354EE}
	EndGlobalSection
EndGlobal
